{
  "object": {
    "pins": [
      {
        "package": "RDGZip",
        "repositoryURL": "https://github.com/roman-dzieciol/swift-gzip.git",
        "state": {
          "branch": null,
          "revision": "e867bbeb64f7448f55dc37c2439c795b18a97a74",
          "version": "0.1.0"
        }
      }
    ]
  },
  "version": 1
}
