{
  "object": {
    "pins": [
      {
        "package": "SWGZip",
        "repositoryURL": "https://github.com/roman-dzieciol/swift-gzip.git",
        "state": {
          "branch": null,
          "revision": "6a3b7318300c5fa3b7b29d380262f2ef16002fb5",
          "version": "1.0.0"
        }
      }
    ]
  },
  "version": 1
}
